// !$*UTF8*$!
{
	archiveVersion = 1;
	classes = {
	};
	objectVersion = 55;
	objects = {

/* Begin PBXBuildFile section */
		1F83F7B328411F9D003215F6 /* User.swift in Sources */ = {isa = PBXBuildFile; fileRef = 1F83F7B228411F9D003215F6 /* User.swift */; };
		1F83F7B528411FC0003215F6 /* CurrentUserService.swift in Sources */ = {isa = PBXBuildFile; fileRef = 1F83F7B428411FC0003215F6 /* CurrentUserService.swift */; };
		1F83F7B728412031003215F6 /* TestUserService.swift in Sources */ = {isa = PBXBuildFile; fileRef = 1F83F7B628412031003215F6 /* TestUserService.swift */; };
		1F83F7B9284122EC003215F6 /* LoginInspector.swift in Sources */ = {isa = PBXBuildFile; fileRef = 1F83F7B8284122EC003215F6 /* LoginInspector.swift */; };
		1F83F7BB28412329003215F6 /* LoginFactory.swift in Sources */ = {isa = PBXBuildFile; fileRef = 1F83F7BA28412329003215F6 /* LoginFactory.swift */; };
		1F83F7BD2841234D003215F6 /* Checker.swift in Sources */ = {isa = PBXBuildFile; fileRef = 1F83F7BC2841234D003215F6 /* Checker.swift */; };
		1F83F7C028412D14003215F6 /* iOSIntPackage in Frameworks */ = {isa = PBXBuildFile; productRef = 1F83F7BF28412D14003215F6 /* iOSIntPackage */; };
		1F83F7C22843D4F5003215F6 /* BruteForce.swift in Sources */ = {isa = PBXBuildFile; fileRef = 1F83F7C12843D4F5003215F6 /* BruteForce.swift */; };
		DB2C7CE5282FCB420044AC30 /* GeneralCoordinator.swift in Sources */ = {isa = PBXBuildFile; fileRef = DB2C7CE4282FCB420044AC30 /* GeneralCoordinator.swift */; };
		DB2C7CE8282FCBA90044AC30 /* MainTabBarController.swift in Sources */ = {isa = PBXBuildFile; fileRef = DB2C7CE7282FCBA90044AC30 /* MainTabBarController.swift */; };
		DB2C7CEC282FD1640044AC30 /* ProfileCoordinator.swift in Sources */ = {isa = PBXBuildFile; fileRef = DB2C7CEB282FD1640044AC30 /* ProfileCoordinator.swift */; };
		DB2C7CEE282FD1780044AC30 /* FeedCoordinator.swift in Sources */ = {isa = PBXBuildFile; fileRef = DB2C7CED282FD1780044AC30 /* FeedCoordinator.swift */; };
		DB2C7CFA2830C20E0044AC30 /* Factory.swift in Sources */ = {isa = PBXBuildFile; fileRef = DB2C7CF92830C20E0044AC30 /* Factory.swift */; };
		DB70BE1227BB755F00599559 /* ProfileHeaderView.swift in Sources */ = {isa = PBXBuildFile; fileRef = DB70BE1127BB755F00599559 /* ProfileHeaderView.swift */; };
		DBA0E24B28338CA4002C5077 /* ProfileViewModel.swift in Sources */ = {isa = PBXBuildFile; fileRef = DBA0E24A28338CA4002C5077 /* ProfileViewModel.swift */; };
		DBA0E25328339754002C5077 /* FeedViewModel.swift in Sources */ = {isa = PBXBuildFile; fileRef = DBA0E25228339754002C5077 /* FeedViewModel.swift */; };
		DBA0E26E2834D752002C5077 /* CustomButton.swift in Sources */ = {isa = PBXBuildFile; fileRef = DBA0E26D2834D752002C5077 /* CustomButton.swift */; };
		DBA0E2702834D774002C5077 /* PasswordModel.swift in Sources */ = {isa = PBXBuildFile; fileRef = DBA0E26F2834D774002C5077 /* PasswordModel.swift */; };
		DBA0E2722834D787002C5077 /* PasswordCheckButton.swift in Sources */ = {isa = PBXBuildFile; fileRef = DBA0E2712834D787002C5077 /* PasswordCheckButton.swift */; };
		DBA0E2742834D797002C5077 /* PasswordTextField.swift in Sources */ = {isa = PBXBuildFile; fileRef = DBA0E2732834D797002C5077 /* PasswordTextField.swift */; };
		DBA0E2782834DEC7002C5077 /* PostCoordinator.swift in Sources */ = {isa = PBXBuildFile; fileRef = DBA0E2772834DEC7002C5077 /* PostCoordinator.swift */; };
		DBA0E27A2834DED5002C5077 /* InfoCoordinator.swift in Sources */ = {isa = PBXBuildFile; fileRef = DBA0E2792834DED5002C5077 /* InfoCoordinator.swift */; };
		DBA0E27C2834E534002C5077 /* InfoViewModel.swift in Sources */ = {isa = PBXBuildFile; fileRef = DBA0E27B2834E534002C5077 /* InfoViewModel.swift */; };
		DBA0E27E2834E721002C5077 /* InfoCustomModel.swift in Sources */ = {isa = PBXBuildFile; fileRef = DBA0E27D2834E721002C5077 /* InfoCustomModel.swift */; };
		DBA0E28328361A62002C5077 /* PostTableViewModel.swift in Sources */ = {isa = PBXBuildFile; fileRef = DBA0E28228361A62002C5077 /* PostTableViewModel.swift */; };
		DBA0E28528362679002C5077 /* LoginCordinator.swift in Sources */ = {isa = PBXBuildFile; fileRef = DBA0E28428362679002C5077 /* LoginCordinator.swift */; };
		DBBAECE227D6617C00AA366E /* Constants.swift in Sources */ = {isa = PBXBuildFile; fileRef = DBBAECE127D6617C00AA366E /* Constants.swift */; };
		DBBAECE427D6618D00AA366E /* Extensions.swift in Sources */ = {isa = PBXBuildFile; fileRef = DBBAECE327D6618D00AA366E /* Extensions.swift */; };
		DBBAECE627D661A100AA366E /* Photo.swift in Sources */ = {isa = PBXBuildFile; fileRef = DBBAECE527D661A100AA366E /* Photo.swift */; };
		DBBAECE827D6640000AA366E /* PhotosTableViewCell.swift in Sources */ = {isa = PBXBuildFile; fileRef = DBBAECE727D6640000AA366E /* PhotosTableViewCell.swift */; };
		DBBAECEA27D6641200AA366E /* PhotosViewController.swift in Sources */ = {isa = PBXBuildFile; fileRef = DBBAECE927D6641200AA366E /* PhotosViewController.swift */; };
		DBBAECEC27D6642700AA366E /* PhotosCollectionViewCell.swift in Sources */ = {isa = PBXBuildFile; fileRef = DBBAECEB27D6642700AA366E /* PhotosCollectionViewCell.swift */; };
		DBBBD13527B82BC200900EE7 /* AppDelegate.swift in Sources */ = {isa = PBXBuildFile; fileRef = DBBBD13427B82BC200900EE7 /* AppDelegate.swift */; };
		DBBBD13E27B82BC400900EE7 /* Assets.xcassets in Resources */ = {isa = PBXBuildFile; fileRef = DBBBD13D27B82BC400900EE7 /* Assets.xcassets */; };
		DBBBD14127B82BC400900EE7 /* LaunchScreen.storyboard in Resources */ = {isa = PBXBuildFile; fileRef = DBBBD13F27B82BC400900EE7 /* LaunchScreen.storyboard */; };
		DBBBD14927B8300E00900EE7 /* FeedViewController.swift in Sources */ = {isa = PBXBuildFile; fileRef = DBBBD14827B8300E00900EE7 /* FeedViewController.swift */; };
		DBBBD14B27B8301E00900EE7 /* ProfileViewController.swift in Sources */ = {isa = PBXBuildFile; fileRef = DBBBD14A27B8301E00900EE7 /* ProfileViewController.swift */; };
		DBBBD14D27B8CC3C00900EE7 /* PostViewController.swift in Sources */ = {isa = PBXBuildFile; fileRef = DBBBD14C27B8CC3C00900EE7 /* PostViewController.swift */; };
		DBBBD14F27B91EC900900EE7 /* Post.swift in Sources */ = {isa = PBXBuildFile; fileRef = DBBBD14E27B91EC900900EE7 /* Post.swift */; };
		DBBBD15127B9602B00900EE7 /* InfoViewController.swift in Sources */ = {isa = PBXBuildFile; fileRef = DBBBD15027B9602B00900EE7 /* InfoViewController.swift */; };
		DBBE367427D231E0006CD4FB /* LogInViewController.swift in Sources */ = {isa = PBXBuildFile; fileRef = DBBE367327D231E0006CD4FB /* LogInViewController.swift */; };
		DBBE367627D23264006CD4FB /* PostTableViewCell.swift in Sources */ = {isa = PBXBuildFile; fileRef = DBBE367527D23264006CD4FB /* PostTableViewCell.swift */; };
/* End PBXBuildFile section */

/* Begin PBXFileReference section */
		1F83F7B228411F9D003215F6 /* User.swift */ = {isa = PBXFileReference; lastKnownFileType = sourcecode.swift; path = User.swift; sourceTree = "<group>"; };
		1F83F7B428411FC0003215F6 /* CurrentUserService.swift */ = {isa = PBXFileReference; lastKnownFileType = sourcecode.swift; path = CurrentUserService.swift; sourceTree = "<group>"; };
		1F83F7B628412031003215F6 /* TestUserService.swift */ = {isa = PBXFileReference; lastKnownFileType = sourcecode.swift; path = TestUserService.swift; sourceTree = "<group>"; };
		1F83F7B8284122EC003215F6 /* LoginInspector.swift */ = {isa = PBXFileReference; lastKnownFileType = sourcecode.swift; path = LoginInspector.swift; sourceTree = "<group>"; };
		1F83F7BA28412329003215F6 /* LoginFactory.swift */ = {isa = PBXFileReference; lastKnownFileType = sourcecode.swift; path = LoginFactory.swift; sourceTree = "<group>"; };
		1F83F7BC2841234D003215F6 /* Checker.swift */ = {isa = PBXFileReference; lastKnownFileType = sourcecode.swift; path = Checker.swift; sourceTree = "<group>"; };
		1F83F7C12843D4F5003215F6 /* BruteForce.swift */ = {isa = PBXFileReference; lastKnownFileType = sourcecode.swift; path = BruteForce.swift; sourceTree = "<group>"; };
		DB2C7CE4282FCB420044AC30 /* GeneralCoordinator.swift */ = {isa = PBXFileReference; lastKnownFileType = sourcecode.swift; path = GeneralCoordinator.swift; sourceTree = "<group>"; };
		DB2C7CE7282FCBA90044AC30 /* MainTabBarController.swift */ = {isa = PBXFileReference; lastKnownFileType = sourcecode.swift; path = MainTabBarController.swift; sourceTree = "<group>"; };
		DB2C7CEB282FD1640044AC30 /* ProfileCoordinator.swift */ = {isa = PBXFileReference; lastKnownFileType = sourcecode.swift; path = ProfileCoordinator.swift; sourceTree = "<group>"; };
		DB2C7CED282FD1780044AC30 /* FeedCoordinator.swift */ = {isa = PBXFileReference; lastKnownFileType = sourcecode.swift; path = FeedCoordinator.swift; sourceTree = "<group>"; };
		DB2C7CF92830C20E0044AC30 /* Factory.swift */ = {isa = PBXFileReference; lastKnownFileType = sourcecode.swift; path = Factory.swift; sourceTree = "<group>"; };
		DB70BE1127BB755F00599559 /* ProfileHeaderView.swift */ = {isa = PBXFileReference; lastKnownFileType = sourcecode.swift; path = ProfileHeaderView.swift; sourceTree = "<group>"; };
		DBA0E24A28338CA4002C5077 /* ProfileViewModel.swift */ = {isa = PBXFileReference; lastKnownFileType = sourcecode.swift; path = ProfileViewModel.swift; sourceTree = "<group>"; };
		DBA0E25228339754002C5077 /* FeedViewModel.swift */ = {isa = PBXFileReference; lastKnownFileType = sourcecode.swift; path = FeedViewModel.swift; sourceTree = "<group>"; };
		DBA0E26D2834D752002C5077 /* CustomButton.swift */ = {isa = PBXFileReference; lastKnownFileType = sourcecode.swift; path = CustomButton.swift; sourceTree = "<group>"; };
		DBA0E26F2834D774002C5077 /* PasswordModel.swift */ = {isa = PBXFileReference; lastKnownFileType = sourcecode.swift; path = PasswordModel.swift; sourceTree = "<group>"; };
		DBA0E2712834D787002C5077 /* PasswordCheckButton.swift */ = {isa = PBXFileReference; lastKnownFileType = sourcecode.swift; path = PasswordCheckButton.swift; sourceTree = "<group>"; };
		DBA0E2732834D797002C5077 /* PasswordTextField.swift */ = {isa = PBXFileReference; lastKnownFileType = sourcecode.swift; path = PasswordTextField.swift; sourceTree = "<group>"; };
		DBA0E2772834DEC7002C5077 /* PostCoordinator.swift */ = {isa = PBXFileReference; lastKnownFileType = sourcecode.swift; path = PostCoordinator.swift; sourceTree = "<group>"; };
		DBA0E2792834DED5002C5077 /* InfoCoordinator.swift */ = {isa = PBXFileReference; lastKnownFileType = sourcecode.swift; path = InfoCoordinator.swift; sourceTree = "<group>"; };
		DBA0E27B2834E534002C5077 /* InfoViewModel.swift */ = {isa = PBXFileReference; lastKnownFileType = sourcecode.swift; path = InfoViewModel.swift; sourceTree = "<group>"; };
		DBA0E27D2834E721002C5077 /* InfoCustomModel.swift */ = {isa = PBXFileReference; lastKnownFileType = sourcecode.swift; path = InfoCustomModel.swift; sourceTree = "<group>"; };
		DBA0E28228361A62002C5077 /* PostTableViewModel.swift */ = {isa = PBXFileReference; lastKnownFileType = sourcecode.swift; path = PostTableViewModel.swift; sourceTree = "<group>"; };
		DBA0E28428362679002C5077 /* LoginCordinator.swift */ = {isa = PBXFileReference; lastKnownFileType = sourcecode.swift; path = LoginCordinator.swift; sourceTree = "<group>"; };
		DBBAECE127D6617C00AA366E /* Constants.swift */ = {isa = PBXFileReference; lastKnownFileType = sourcecode.swift; path = Constants.swift; sourceTree = "<group>"; };
		DBBAECE327D6618D00AA366E /* Extensions.swift */ = {isa = PBXFileReference; lastKnownFileType = sourcecode.swift; path = Extensions.swift; sourceTree = "<group>"; };
		DBBAECE527D661A100AA366E /* Photo.swift */ = {isa = PBXFileReference; lastKnownFileType = sourcecode.swift; path = Photo.swift; sourceTree = "<group>"; };
		DBBAECE727D6640000AA366E /* PhotosTableViewCell.swift */ = {isa = PBXFileReference; lastKnownFileType = sourcecode.swift; path = PhotosTableViewCell.swift; sourceTree = "<group>"; };
		DBBAECE927D6641200AA366E /* PhotosViewController.swift */ = {isa = PBXFileReference; lastKnownFileType = sourcecode.swift; path = PhotosViewController.swift; sourceTree = "<group>"; };
		DBBAECEB27D6642700AA366E /* PhotosCollectionViewCell.swift */ = {isa = PBXFileReference; lastKnownFileType = sourcecode.swift; path = PhotosCollectionViewCell.swift; sourceTree = "<group>"; };
		DBBBD13127B82BC200900EE7 /* Navigation.app */ = {isa = PBXFileReference; explicitFileType = wrapper.application; includeInIndex = 0; path = Navigation.app; sourceTree = BUILT_PRODUCTS_DIR; };
		DBBBD13427B82BC200900EE7 /* AppDelegate.swift */ = {isa = PBXFileReference; lastKnownFileType = sourcecode.swift; path = AppDelegate.swift; sourceTree = "<group>"; };
		DBBBD13D27B82BC400900EE7 /* Assets.xcassets */ = {isa = PBXFileReference; lastKnownFileType = folder.assetcatalog; path = Assets.xcassets; sourceTree = "<group>"; };
		DBBBD14027B82BC400900EE7 /* Base */ = {isa = PBXFileReference; lastKnownFileType = file.storyboard; name = Base; path = Base.lproj/LaunchScreen.storyboard; sourceTree = "<group>"; };
		DBBBD14227B82BC400900EE7 /* Info.plist */ = {isa = PBXFileReference; lastKnownFileType = text.plist.xml; path = Info.plist; sourceTree = "<group>"; };
		DBBBD14827B8300E00900EE7 /* FeedViewController.swift */ = {isa = PBXFileReference; lastKnownFileType = sourcecode.swift; path = FeedViewController.swift; sourceTree = "<group>"; };
		DBBBD14A27B8301E00900EE7 /* ProfileViewController.swift */ = {isa = PBXFileReference; lastKnownFileType = sourcecode.swift; path = ProfileViewController.swift; sourceTree = "<group>"; };
		DBBBD14C27B8CC3C00900EE7 /* PostViewController.swift */ = {isa = PBXFileReference; lastKnownFileType = sourcecode.swift; path = PostViewController.swift; sourceTree = "<group>"; };
		DBBBD14E27B91EC900900EE7 /* Post.swift */ = {isa = PBXFileReference; lastKnownFileType = sourcecode.swift; path = Post.swift; sourceTree = "<group>"; };
		DBBBD15027B9602B00900EE7 /* InfoViewController.swift */ = {isa = PBXFileReference; lastKnownFileType = sourcecode.swift; path = InfoViewController.swift; sourceTree = "<group>"; };
		DBBE367327D231E0006CD4FB /* LogInViewController.swift */ = {isa = PBXFileReference; lastKnownFileType = sourcecode.swift; path = LogInViewController.swift; sourceTree = "<group>"; };
		DBBE367527D23264006CD4FB /* PostTableViewCell.swift */ = {isa = PBXFileReference; lastKnownFileType = sourcecode.swift; path = PostTableViewCell.swift; sourceTree = "<group>"; };
/* End PBXFileReference section */

/* Begin PBXFrameworksBuildPhase section */
		DBBBD12E27B82BC200900EE7 /* Frameworks */ = {
			isa = PBXFrameworksBuildPhase;
			buildActionMask = 2147483647;
			files = (
				1F83F7C028412D14003215F6 /* iOSIntPackage in Frameworks */,
			);
			runOnlyForDeploymentPostprocessing = 0;
		};
/* End PBXFrameworksBuildPhase section */

/* Begin PBXGroup section */
		1F3D70FD283E7D630073F622 /* Photos */ = {
			isa = PBXGroup;
			children = (
				DBBAECE927D6641200AA366E /* PhotosViewController.swift */,
				DBBAECE727D6640000AA366E /* PhotosTableViewCell.swift */,
				DBBAECEB27D6642700AA366E /* PhotosCollectionViewCell.swift */,
			);
			path = Photos;
			sourceTree = "<group>";
		};
		1F83F7B128411F61003215F6 /* User */ = {
			isa = PBXGroup;
			children = (
				1F83F7B228411F9D003215F6 /* User.swift */,
				1F83F7B428411FC0003215F6 /* CurrentUserService.swift */,
				1F83F7B628412031003215F6 /* TestUserService.swift */,
			);
			path = User;
			sourceTree = "<group>";
		};
		DB0CE5EA28312983001BFDBC /* Post */ = {
			isa = PBXGroup;
			children = (
				DBBBD14E27B91EC900900EE7 /* Post.swift */,
				DBBBD14C27B8CC3C00900EE7 /* PostViewController.swift */,
				DBA0E2772834DEC7002C5077 /* PostCoordinator.swift */,
				DBBE367527D23264006CD4FB /* PostTableViewCell.swift */,
				DBA0E28228361A62002C5077 /* PostTableViewModel.swift */,
			);
			path = Post;
			sourceTree = "<group>";
		};
		DB2C7CE3282FCAFB0044AC30 /* Coordinator */ = {
			isa = PBXGroup;
			children = (
				DB2C7CE4282FCB420044AC30 /* GeneralCoordinator.swift */,
			);
			path = Coordinator;
			sourceTree = "<group>";
		};
		DB2C7CE6282FCB710044AC30 /* TabBarController */ = {
			isa = PBXGroup;
			children = (
				DB2C7CE7282FCBA90044AC30 /* MainTabBarController.swift */,
			);
			path = TabBarController;
			sourceTree = "<group>";
		};
		DB2C7CE9282FD0F90044AC30 /* Profile */ = {
			isa = PBXGroup;
			children = (
				DBBBD14A27B8301E00900EE7 /* ProfileViewController.swift */,
				DB70BE1127BB755F00599559 /* ProfileHeaderView.swift */,
				DB2C7CEB282FD1640044AC30 /* ProfileCoordinator.swift */,
				DBA0E24A28338CA4002C5077 /* ProfileViewModel.swift */,
			);
			path = Profile;
			sourceTree = "<group>";
		};
		DB2C7CF82830C1E20044AC30 /* Factory */ = {
			isa = PBXGroup;
			children = (
				DB2C7CF92830C20E0044AC30 /* Factory.swift */,
			);
			path = Factory;
			sourceTree = "<group>";
		};
		DBA0E24928338C1D002C5077 /* Login */ = {
			isa = PBXGroup;
			children = (
				DBBE367327D231E0006CD4FB /* LogInViewController.swift */,
				DBA0E28428362679002C5077 /* LoginCordinator.swift */,
				1F83F7B8284122EC003215F6 /* LoginInspector.swift */,
				1F83F7BC2841234D003215F6 /* Checker.swift */,
				1F83F7BA28412329003215F6 /* LoginFactory.swift */,
				1F83F7C12843D4F5003215F6 /* BruteForce.swift */,
			);
			path = Login;
			sourceTree = "<group>";
		};
		DBA0E24E28339692002C5077 /* Feed */ = {
			isa = PBXGroup;
			children = (
				DBBBD14827B8300E00900EE7 /* FeedViewController.swift */,
				DBA0E25228339754002C5077 /* FeedViewModel.swift */,
				DB2C7CED282FD1780044AC30 /* FeedCoordinator.swift */,
			);
			path = Feed;
			sourceTree = "<group>";
		};
		DBA0E251283396C2002C5077 /* Password */ = {
			isa = PBXGroup;
			children = (
				DBA0E26F2834D774002C5077 /* PasswordModel.swift */,
				DBA0E2712834D787002C5077 /* PasswordCheckButton.swift */,
				DBA0E2732834D797002C5077 /* PasswordTextField.swift */,
			);
			path = Password;
			sourceTree = "<group>";
		};
		DBA0E26C2834D698002C5077 /* Button */ = {
			isa = PBXGroup;
			children = (
				DBA0E26D2834D752002C5077 /* CustomButton.swift */,
			);
			path = Button;
			sourceTree = "<group>";
		};
		DBA0E2752834DE5A002C5077 /* Info */ = {
			isa = PBXGroup;
			children = (
				DBBBD15027B9602B00900EE7 /* InfoViewController.swift */,
				DBA0E27B2834E534002C5077 /* InfoViewModel.swift */,
				DBA0E2792834DED5002C5077 /* InfoCoordinator.swift */,
				DBA0E27D2834E721002C5077 /* InfoCustomModel.swift */,
			);
			path = Info;
			sourceTree = "<group>";
		};
		DBBAECE027D6613D00AA366E /* UIView+Extension */ = {
			isa = PBXGroup;
			children = (
				DBBAECE127D6617C00AA366E /* Constants.swift */,
				DBBAECE327D6618D00AA366E /* Extensions.swift */,
				DBBAECE527D661A100AA366E /* Photo.swift */,
			);
			path = "UIView+Extension";
			sourceTree = "<group>";
		};
		DBBBD12827B82BC200900EE7 = {
			isa = PBXGroup;
			children = (
				DBBBD13327B82BC200900EE7 /* Navigation */,
				DBBBD13F27B82BC400900EE7 /* LaunchScreen.storyboard */,
				DBBBD13D27B82BC400900EE7 /* Assets.xcassets */,
				DBBBD13227B82BC200900EE7 /* Products */,
			);
			sourceTree = "<group>";
		};
		DBBBD13227B82BC200900EE7 /* Products */ = {
			isa = PBXGroup;
			children = (
				DBBBD13127B82BC200900EE7 /* Navigation.app */,
			);
			name = Products;
			sourceTree = "<group>";
		};
		DBBBD13327B82BC200900EE7 /* Navigation */ = {
			isa = PBXGroup;
			children = (
				DBBBD14227B82BC400900EE7 /* Info.plist */,
				DBBBD13427B82BC200900EE7 /* AppDelegate.swift */,
				1F83F7B128411F61003215F6 /* User */,
				DB2C7CE3282FCAFB0044AC30 /* Coordinator */,
				DB2C7CF82830C1E20044AC30 /* Factory */,
				DBA0E24E28339692002C5077 /* Feed */,
				DBA0E2752834DE5A002C5077 /* Info */,
				DBA0E24928338C1D002C5077 /* Login */,
				DBA0E26C2834D698002C5077 /* Button */,
				DBA0E251283396C2002C5077 /* Password */,
				1F3D70FD283E7D630073F622 /* Photos */,
				DB0CE5EA28312983001BFDBC /* Post */,
				DB2C7CE9282FD0F90044AC30 /* Profile */,
				DB2C7CE6282FCB710044AC30 /* TabBarController */,
				DBBAECE027D6613D00AA366E /* UIView+Extension */,
			);
			path = Navigation;
			sourceTree = "<group>";
		};
/* End PBXGroup section */

/* Begin PBXNativeTarget section */
		DBBBD13027B82BC200900EE7 /* Navigation */ = {
			isa = PBXNativeTarget;
			buildConfigurationList = DBBBD14527B82BC400900EE7 /* Build configuration list for PBXNativeTarget "Navigation" */;
			buildPhases = (
				DBBBD12D27B82BC200900EE7 /* Sources */,
				DBBBD12E27B82BC200900EE7 /* Frameworks */,
				DBBBD12F27B82BC200900EE7 /* Resources */,
			);
			buildRules = (
			);
			dependencies = (
			);
			name = Navigation;
			packageProductDependencies = (
				1F83F7BF28412D14003215F6 /* iOSIntPackage */,
			);
			productName = Navigation;
			productReference = DBBBD13127B82BC200900EE7 /* Navigation.app */;
			productType = "com.apple.product-type.application";
		};
/* End PBXNativeTarget section */

/* Begin PBXProject section */
		DBBBD12927B82BC200900EE7 /* Project object */ = {
			isa = PBXProject;
			attributes = {
				BuildIndependentTargetsInParallel = 1;
				LastSwiftUpdateCheck = 1320;
				LastUpgradeCheck = 1320;
				TargetAttributes = {
					DBBBD13027B82BC200900EE7 = {
						CreatedOnToolsVersion = 13.2.1;
					};
				};
			};
			buildConfigurationList = DBBBD12C27B82BC200900EE7 /* Build configuration list for PBXProject "Navigation" */;
			compatibilityVersion = "Xcode 13.0";
			developmentRegion = en;
			hasScannedForEncodings = 0;
			knownRegions = (
				en,
				Base,
			);
			mainGroup = DBBBD12827B82BC200900EE7;
			packageReferences = (
				1F83F7BE28412D14003215F6 /* XCRemoteSwiftPackageReference "iOSIntPackage" */,
			);
			productRefGroup = DBBBD13227B82BC200900EE7 /* Products */;
			projectDirPath = "";
			projectRoot = "";
			targets = (
				DBBBD13027B82BC200900EE7 /* Navigation */,
			);
		};
/* End PBXProject section */

/* Begin PBXResourcesBuildPhase section */
		DBBBD12F27B82BC200900EE7 /* Resources */ = {
			isa = PBXResourcesBuildPhase;
			buildActionMask = 2147483647;
			files = (
				DBBBD14127B82BC400900EE7 /* LaunchScreen.storyboard in Resources */,
				DBBBD13E27B82BC400900EE7 /* Assets.xcassets in Resources */,
			);
			runOnlyForDeploymentPostprocessing = 0;
		};
/* End PBXResourcesBuildPhase section */

/* Begin PBXSourcesBuildPhase section */
		DBBBD12D27B82BC200900EE7 /* Sources */ = {
			isa = PBXSourcesBuildPhase;
			buildActionMask = 2147483647;
			files = (
				1F83F7B528411FC0003215F6 /* CurrentUserService.swift in Sources */,
				1F83F7BD2841234D003215F6 /* Checker.swift in Sources */,
				DBBAECE827D6640000AA366E /* PhotosTableViewCell.swift in Sources */,
				1F83F7BB28412329003215F6 /* LoginFactory.swift in Sources */,
				DBBAECEA27D6641200AA366E /* PhotosViewController.swift in Sources */,
				DBBE367627D23264006CD4FB /* PostTableViewCell.swift in Sources */,
				DBBBD14D27B8CC3C00900EE7 /* PostViewController.swift in Sources */,
				DB2C7CEE282FD1780044AC30 /* FeedCoordinator.swift in Sources */,
				DBBBD13527B82BC200900EE7 /* AppDelegate.swift in Sources */,
				DBA0E24B28338CA4002C5077 /* ProfileViewModel.swift in Sources */,
				DBBBD14B27B8301E00900EE7 /* ProfileViewController.swift in Sources */,
				DBA0E28328361A62002C5077 /* PostTableViewModel.swift in Sources */,
				DBA0E2782834DEC7002C5077 /* PostCoordinator.swift in Sources */,
				DB70BE1227BB755F00599559 /* ProfileHeaderView.swift in Sources */,
				DBBBD14927B8300E00900EE7 /* FeedViewController.swift in Sources */,
				DBBAECE227D6617C00AA366E /* Constants.swift in Sources */,
				DBA0E2722834D787002C5077 /* PasswordCheckButton.swift in Sources */,
				DBBBD14F27B91EC900900EE7 /* Post.swift in Sources */,
				DBBAECE627D661A100AA366E /* Photo.swift in Sources */,
				DBBBD15127B9602B00900EE7 /* InfoViewController.swift in Sources */,
				DB2C7CE8282FCBA90044AC30 /* MainTabBarController.swift in Sources */,
				DB2C7CE5282FCB420044AC30 /* GeneralCoordinator.swift in Sources */,
				DBA0E27E2834E721002C5077 /* InfoCustomModel.swift in Sources */,
				1F83F7C22843D4F5003215F6 /* BruteForce.swift in Sources */,
				DBBE367427D231E0006CD4FB /* LogInViewController.swift in Sources */,
				DBA0E26E2834D752002C5077 /* CustomButton.swift in Sources */,
				DBA0E27A2834DED5002C5077 /* InfoCoordinator.swift in Sources */,
				DBA0E2702834D774002C5077 /* PasswordModel.swift in Sources */,
				DBBAECEC27D6642700AA366E /* PhotosCollectionViewCell.swift in Sources */,
				DB2C7CEC282FD1640044AC30 /* ProfileCoordinator.swift in Sources */,
				1F83F7B9284122EC003215F6 /* LoginInspector.swift in Sources */,
				DBA0E27C2834E534002C5077 /* InfoViewModel.swift in Sources */,
				1F83F7B728412031003215F6 /* TestUserService.swift in Sources */,
				DBA0E2742834D797002C5077 /* PasswordTextField.swift in Sources */,
				DBA0E25328339754002C5077 /* FeedViewModel.swift in Sources */,
				DB2C7CFA2830C20E0044AC30 /* Factory.swift in Sources */,
				DBA0E28528362679002C5077 /* LoginCordinator.swift in Sources */,
				DBBAECE427D6618D00AA366E /* Extensions.swift in Sources */,
				1F83F7B328411F9D003215F6 /* User.swift in Sources */,
			);
			runOnlyForDeploymentPostprocessing = 0;
		};
/* End PBXSourcesBuildPhase section */

/* Begin PBXVariantGroup section */
		DBBBD13F27B82BC400900EE7 /* LaunchScreen.storyboard */ = {
			isa = PBXVariantGroup;
			children = (
				DBBBD14027B82BC400900EE7 /* Base */,
			);
			name = LaunchScreen.storyboard;
			sourceTree = "<group>";
		};
/* End PBXVariantGroup section */

/* Begin XCBuildConfiguration section */
		DBBBD14327B82BC400900EE7 /* Debug */ = {
			isa = XCBuildConfiguration;
			buildSettings = {
				ALWAYS_SEARCH_USER_PATHS = NO;
				CLANG_ANALYZER_NONNULL = YES;
				CLANG_ANALYZER_NUMBER_OBJECT_CONVERSION = YES_AGGRESSIVE;
				CLANG_CXX_LANGUAGE_STANDARD = "gnu++17";
				CLANG_CXX_LIBRARY = "libc++";
				CLANG_ENABLE_MODULES = YES;
				CLANG_ENABLE_OBJC_ARC = YES;
				CLANG_ENABLE_OBJC_WEAK = YES;
				CLANG_WARN_BLOCK_CAPTURE_AUTORELEASING = YES;
				CLANG_WARN_BOOL_CONVERSION = YES;
				CLANG_WARN_COMMA = YES;
				CLANG_WARN_CONSTANT_CONVERSION = YES;
				CLANG_WARN_DEPRECATED_OBJC_IMPLEMENTATIONS = YES;
				CLANG_WARN_DIRECT_OBJC_ISA_USAGE = YES_ERROR;
				CLANG_WARN_DOCUMENTATION_COMMENTS = YES;
				CLANG_WARN_EMPTY_BODY = YES;
				CLANG_WARN_ENUM_CONVERSION = YES;
				CLANG_WARN_INFINITE_RECURSION = YES;
				CLANG_WARN_INT_CONVERSION = YES;
				CLANG_WARN_NON_LITERAL_NULL_CONVERSION = YES;
				CLANG_WARN_OBJC_IMPLICIT_RETAIN_SELF = YES;
				CLANG_WARN_OBJC_LITERAL_CONVERSION = YES;
				CLANG_WARN_OBJC_ROOT_CLASS = YES_ERROR;
				CLANG_WARN_QUOTED_INCLUDE_IN_FRAMEWORK_HEADER = YES;
				CLANG_WARN_RANGE_LOOP_ANALYSIS = YES;
				CLANG_WARN_STRICT_PROTOTYPES = YES;
				CLANG_WARN_SUSPICIOUS_MOVE = YES;
				CLANG_WARN_UNGUARDED_AVAILABILITY = YES_AGGRESSIVE;
				CLANG_WARN_UNREACHABLE_CODE = YES;
				CLANG_WARN__DUPLICATE_METHOD_MATCH = YES;
				COPY_PHASE_STRIP = NO;
				DEBUG_INFORMATION_FORMAT = dwarf;
				ENABLE_STRICT_OBJC_MSGSEND = YES;
				ENABLE_TESTABILITY = YES;
				GCC_C_LANGUAGE_STANDARD = gnu11;
				GCC_DYNAMIC_NO_PIC = NO;
				GCC_NO_COMMON_BLOCKS = YES;
				GCC_OPTIMIZATION_LEVEL = 0;
				GCC_PREPROCESSOR_DEFINITIONS = (
					"DEBUG=1",
					"$(inherited)",
				);
				GCC_WARN_64_TO_32_BIT_CONVERSION = YES;
				GCC_WARN_ABOUT_RETURN_TYPE = YES_ERROR;
				GCC_WARN_UNDECLARED_SELECTOR = YES;
				GCC_WARN_UNINITIALIZED_AUTOS = YES_AGGRESSIVE;
				GCC_WARN_UNUSED_FUNCTION = YES;
				GCC_WARN_UNUSED_VARIABLE = YES;
				IPHONEOS_DEPLOYMENT_TARGET = 15.2;
				MTL_ENABLE_DEBUG_INFO = INCLUDE_SOURCE;
				MTL_FAST_MATH = YES;
				ONLY_ACTIVE_ARCH = YES;
				SDKROOT = iphoneos;
				SWIFT_ACTIVE_COMPILATION_CONDITIONS = DEBUG;
				SWIFT_OPTIMIZATION_LEVEL = "-Onone";
			};
			name = Debug;
		};
		DBBBD14427B82BC400900EE7 /* Release */ = {
			isa = XCBuildConfiguration;
			buildSettings = {
				ALWAYS_SEARCH_USER_PATHS = NO;
				CLANG_ANALYZER_NONNULL = YES;
				CLANG_ANALYZER_NUMBER_OBJECT_CONVERSION = YES_AGGRESSIVE;
				CLANG_CXX_LANGUAGE_STANDARD = "gnu++17";
				CLANG_CXX_LIBRARY = "libc++";
				CLANG_ENABLE_MODULES = YES;
				CLANG_ENABLE_OBJC_ARC = YES;
				CLANG_ENABLE_OBJC_WEAK = YES;
				CLANG_WARN_BLOCK_CAPTURE_AUTORELEASING = YES;
				CLANG_WARN_BOOL_CONVERSION = YES;
				CLANG_WARN_COMMA = YES;
				CLANG_WARN_CONSTANT_CONVERSION = YES;
				CLANG_WARN_DEPRECATED_OBJC_IMPLEMENTATIONS = YES;
				CLANG_WARN_DIRECT_OBJC_ISA_USAGE = YES_ERROR;
				CLANG_WARN_DOCUMENTATION_COMMENTS = YES;
				CLANG_WARN_EMPTY_BODY = YES;
				CLANG_WARN_ENUM_CONVERSION = YES;
				CLANG_WARN_INFINITE_RECURSION = YES;
				CLANG_WARN_INT_CONVERSION = YES;
				CLANG_WARN_NON_LITERAL_NULL_CONVERSION = YES;
				CLANG_WARN_OBJC_IMPLICIT_RETAIN_SELF = YES;
				CLANG_WARN_OBJC_LITERAL_CONVERSION = YES;
				CLANG_WARN_OBJC_ROOT_CLASS = YES_ERROR;
				CLANG_WARN_QUOTED_INCLUDE_IN_FRAMEWORK_HEADER = YES;
				CLANG_WARN_RANGE_LOOP_ANALYSIS = YES;
				CLANG_WARN_STRICT_PROTOTYPES = YES;
				CLANG_WARN_SUSPICIOUS_MOVE = YES;
				CLANG_WARN_UNGUARDED_AVAILABILITY = YES_AGGRESSIVE;
				CLANG_WARN_UNREACHABLE_CODE = YES;
				CLANG_WARN__DUPLICATE_METHOD_MATCH = YES;
				COPY_PHASE_STRIP = NO;
				DEBUG_INFORMATION_FORMAT = "dwarf-with-dsym";
				ENABLE_NS_ASSERTIONS = NO;
				ENABLE_STRICT_OBJC_MSGSEND = YES;
				GCC_C_LANGUAGE_STANDARD = gnu11;
				GCC_NO_COMMON_BLOCKS = YES;
				GCC_WARN_64_TO_32_BIT_CONVERSION = YES;
				GCC_WARN_ABOUT_RETURN_TYPE = YES_ERROR;
				GCC_WARN_UNDECLARED_SELECTOR = YES;
				GCC_WARN_UNINITIALIZED_AUTOS = YES_AGGRESSIVE;
				GCC_WARN_UNUSED_FUNCTION = YES;
				GCC_WARN_UNUSED_VARIABLE = YES;
				IPHONEOS_DEPLOYMENT_TARGET = 15.2;
				MTL_ENABLE_DEBUG_INFO = NO;
				MTL_FAST_MATH = YES;
				SDKROOT = iphoneos;
				SWIFT_COMPILATION_MODE = wholemodule;
				SWIFT_OPTIMIZATION_LEVEL = "-O";
				VALIDATE_PRODUCT = YES;
			};
			name = Release;
		};
		DBBBD14627B82BC400900EE7 /* Debug */ = {
			isa = XCBuildConfiguration;
			buildSettings = {
				ASSETCATALOG_COMPILER_APPICON_NAME = AppIcon;
				ASSETCATALOG_COMPILER_GLOBAL_ACCENT_COLOR_NAME = AccentColor;
				CODE_SIGN_STYLE = Automatic;
				CURRENT_PROJECT_VERSION = 1;
				GENERATE_INFOPLIST_FILE = YES;
				INFOPLIST_FILE = Navigation/Info.plist;
				INFOPLIST_KEY_UIApplicationSupportsIndirectInputEvents = YES;
				INFOPLIST_KEY_UILaunchStoryboardName = LaunchScreen;
				INFOPLIST_KEY_UISupportedInterfaceOrientations = UIInterfaceOrientationPortrait;
				INFOPLIST_KEY_UISupportedInterfaceOrientations_iPad = "UIInterfaceOrientationPortrait UIInterfaceOrientationPortraitUpsideDown UIInterfaceOrientationLandscapeLeft UIInterfaceOrientationLandscapeRight";
				INFOPLIST_KEY_UISupportedInterfaceOrientations_iPhone = "UIInterfaceOrientationPortrait UIInterfaceOrientationLandscapeLeft UIInterfaceOrientationLandscapeRight";
				IPHONEOS_DEPLOYMENT_TARGET = 15.0;
				LD_RUNPATH_SEARCH_PATHS = (
					"$(inherited)",
					"@executable_path/Frameworks",
				);
				MARKETING_VERSION = 1.0;
				PRODUCT_BUNDLE_IDENTIFIER = ru.vadimtsvang.Navigation;
				PRODUCT_NAME = "$(TARGET_NAME)";
				SWIFT_EMIT_LOC_STRINGS = YES;
				SWIFT_VERSION = 5.0;
				TARGETED_DEVICE_FAMILY = "1,2";
			};
			name = Debug;
		};
		DBBBD14727B82BC400900EE7 /* Release */ = {
			isa = XCBuildConfiguration;
			buildSettings = {
				ASSETCATALOG_COMPILER_APPICON_NAME = AppIcon;
				ASSETCATALOG_COMPILER_GLOBAL_ACCENT_COLOR_NAME = AccentColor;
				CODE_SIGN_STYLE = Automatic;
				CURRENT_PROJECT_VERSION = 1;
				GENERATE_INFOPLIST_FILE = YES;
				INFOPLIST_FILE = Navigation/Info.plist;
				INFOPLIST_KEY_UIApplicationSupportsIndirectInputEvents = YES;
				INFOPLIST_KEY_UILaunchStoryboardName = LaunchScreen;
				INFOPLIST_KEY_UISupportedInterfaceOrientations = UIInterfaceOrientationPortrait;
				INFOPLIST_KEY_UISupportedInterfaceOrientations_iPad = "UIInterfaceOrientationPortrait UIInterfaceOrientationPortraitUpsideDown UIInterfaceOrientationLandscapeLeft UIInterfaceOrientationLandscapeRight";
				INFOPLIST_KEY_UISupportedInterfaceOrientations_iPhone = "UIInterfaceOrientationPortrait UIInterfaceOrientationLandscapeLeft UIInterfaceOrientationLandscapeRight";
				IPHONEOS_DEPLOYMENT_TARGET = 15.0;
				LD_RUNPATH_SEARCH_PATHS = (
					"$(inherited)",
					"@executable_path/Frameworks",
				);
				MARKETING_VERSION = 1.0;
				PRODUCT_BUNDLE_IDENTIFIER = ru.vadimtsvang.Navigation;
				PRODUCT_NAME = "$(TARGET_NAME)";
				SWIFT_EMIT_LOC_STRINGS = YES;
				SWIFT_VERSION = 5.0;
				TARGETED_DEVICE_FAMILY = "1,2";
			};
			name = Release;
		};
/* End XCBuildConfiguration section */

/* Begin XCConfigurationList section */
		DBBBD12C27B82BC200900EE7 /* Build configuration list for PBXProject "Navigation" */ = {
			isa = XCConfigurationList;
			buildConfigurations = (
				DBBBD14327B82BC400900EE7 /* Debug */,
				DBBBD14427B82BC400900EE7 /* Release */,
			);
			defaultConfigurationIsVisible = 0;
			defaultConfigurationName = Release;
		};
		DBBBD14527B82BC400900EE7 /* Build configuration list for PBXNativeTarget "Navigation" */ = {
			isa = XCConfigurationList;
			buildConfigurations = (
				DBBBD14627B82BC400900EE7 /* Debug */,
				DBBBD14727B82BC400900EE7 /* Release */,
			);
			defaultConfigurationIsVisible = 0;
			defaultConfigurationName = Release;
		};
/* End XCConfigurationList section */

/* Begin XCRemoteSwiftPackageReference section */
		1F83F7BE28412D14003215F6 /* XCRemoteSwiftPackageReference "iOSIntPackage" */ = {
			isa = XCRemoteSwiftPackageReference;
			repositoryURL = "https://github.com/TrueMax/iOSIntPackage.git";
			requirement = {
				kind = exactVersion;
				version = 3.2.3;
			};
		};
/* End XCRemoteSwiftPackageReference section */

/* Begin XCSwiftPackageProductDependency section */
		1F83F7BF28412D14003215F6 /* iOSIntPackage */ = {
			isa = XCSwiftPackageProductDependency;
			package = 1F83F7BE28412D14003215F6 /* XCRemoteSwiftPackageReference "iOSIntPackage" */;
			productName = iOSIntPackage;
		};
/* End XCSwiftPackageProductDependency section */
	};
	rootObject = DBBBD12927B82BC200900EE7 /* Project object */;
}
